
Microsoft Visual Studio Solution File, Format Version 12.00
# Visual Studio 15
VisualStudioVersion = 15.0.27703.2047
MinimumVisualStudioVersion = 10.0.40219.1
Project("{9A19103F-16F7-4668-BE54-9A1E7A4F7556}") = "ChatApplication", "ChatApplication.csproj", "{925E78DC-9384-4229-A75C-55A4AABFDA2A}"
EndProject
Global
	GlobalSection(SolutionConfigurationPlatforms) = preSolution
		Debug|Any CPU = Debug|Any CPU
		Release|Any CPU = Release|Any CPU
	EndGlobalSection
	GlobalSection(ProjectConfigurationPlatforms) = postSolution
		{925E78DC-9384-4229-A75C-55A4AABFDA2A}.Debug|Any CPU.ActiveCfg = Debug|Any CPU
		{925E78DC-9384-4229-A75C-55A4AABFDA2A}.Debug|Any CPU.Build.0 = Debug|Any CPU
		{925E78DC-9384-4229-A75C-55A4AABFDA2A}.Release|Any CPU.ActiveCfg = Release|Any CPU
		{925E78DC-9384-4229-A75C-55A4AABFDA2A}.Release|Any CPU.Build.0 = Release|Any CPU
	EndGlobalSection
	GlobalSection(SolutionProperties) = preSolution
		HideSolutionNode = FALSE
	EndGlobalSection
	GlobalSection(ExtensibilityGlobals) = postSolution
		SolutionGuid = {CFD360BA-F969-4C02-B398-5CD423C409E6}
	EndGlobalSection
EndGlobal
